{
  "name": "text-to-speech-tts",
  "version": "1.0.0",
  "lockfileVersion": 3,
  "requires": true,
  "packages": {
    "": {
      "name": "text-to-speech-tts",
      "version": "1.0.0",
      "license": "GPL-3.0+",
      "dependencies": {
        "text-to-speech-tts": "^1.0.0"
      },
      "engines": {
        "node": ">=14"
      }
    },
    "node_modules/text-to-speech-tts": {
      "version": "1.0.0",
      "resolved": "https://registry.npmjs.org/text-to-speech-tts/-/text-to-speech-tts-1.0.0.tgz",
      "integrity": "sha512-J4FoqXEExnAq10q3EIAO1qLFMFKJa7kFv2GXqGHK0qGj/B+yt2hGgEBx0a+DWPciJVkg8PMyIaucB3rEZQmmCg==",
      "license": "GPL-3.0+",
      "engines": {
        "node": ">=14"
      }
    }
  }
}
